
Microsoft Visual Studio Solution File, Format Version 12.00
# Visual Studio Version 17
VisualStudioVersion = 17.3.32825.248
MinimumVisualStudioVersion = 10.0.40219.1
Project("{FAE04EC0-301F-11D3-BF4B-00C04F79EFBC}") = "SpannedDataGridView2010", "SpannedDataGridView\SpannedDataGridView2010.csproj", "{C2F0B723-17D0-4C11-8847-119D35F5DA8F}"
EndProject
Project("{FAE04EC0-301F-11D3-BF4B-00C04F79EFBC}") = "ScheduleEditorClassLibrary", "ScheduleEditorClassLibrary\ScheduleEditorClassLibrary.csproj", "{E00F2EEB-1E70-46A1-B45A-5BD7570FEBCA}"
EndProject
Project("{FAE04EC0-301F-11D3-BF4B-00C04F79EFBC}") = "ScheduleEditor", "ScheduleEditor\ScheduleEditor.csproj", "{E0D4CDEF-8EF8-436B-8A0F-D313B01DF13A}"
EndProject
Global
	GlobalSection(SolutionConfigurationPlatforms) = preSolution
		Debug|Any CPU = Debug|Any CPU
		Release|Any CPU = Release|Any CPU
	EndGlobalSection
	GlobalSection(ProjectConfigurationPlatforms) = postSolution
		{C2F0B723-17D0-4C11-8847-119D35F5DA8F}.Debug|Any CPU.ActiveCfg = Debug|Any CPU
		{C2F0B723-17D0-4C11-8847-119D35F5DA8F}.Debug|Any CPU.Build.0 = Debug|Any CPU
		{C2F0B723-17D0-4C11-8847-119D35F5DA8F}.Release|Any CPU.ActiveCfg = Release|Any CPU
		{C2F0B723-17D0-4C11-8847-119D35F5DA8F}.Release|Any CPU.Build.0 = Release|Any CPU
		{E00F2EEB-1E70-46A1-B45A-5BD7570FEBCA}.Debug|Any CPU.ActiveCfg = Debug|Any CPU
		{E00F2EEB-1E70-46A1-B45A-5BD7570FEBCA}.Debug|Any CPU.Build.0 = Debug|Any CPU
		{E00F2EEB-1E70-46A1-B45A-5BD7570FEBCA}.Release|Any CPU.ActiveCfg = Release|Any CPU
		{E00F2EEB-1E70-46A1-B45A-5BD7570FEBCA}.Release|Any CPU.Build.0 = Release|Any CPU
		{E0D4CDEF-8EF8-436B-8A0F-D313B01DF13A}.Debug|Any CPU.ActiveCfg = Debug|Any CPU
		{E0D4CDEF-8EF8-436B-8A0F-D313B01DF13A}.Debug|Any CPU.Build.0 = Debug|Any CPU
		{E0D4CDEF-8EF8-436B-8A0F-D313B01DF13A}.Release|Any CPU.ActiveCfg = Release|Any CPU
		{E0D4CDEF-8EF8-436B-8A0F-D313B01DF13A}.Release|Any CPU.Build.0 = Release|Any CPU
	EndGlobalSection
	GlobalSection(SolutionProperties) = preSolution
		HideSolutionNode = FALSE
	EndGlobalSection
	GlobalSection(ExtensibilityGlobals) = postSolution
		SolutionGuid = {A72FE993-7BBB-478B-BAA4-822C1CF0055E}
	EndGlobalSection
EndGlobal
